lockfileVersion: '9.0'

settings:
  autoInstallPeers: true
  excludeLinksFromLockfile: false

importers:

  .:
    dependencies:
      '@solana/web3.js':
        specifier: 3.0.0-rc.1
        version: 3.0.0-rc.1
      fs:
        specifier: 0.0.1-security
        version: 0.0.1-security

packages:

  '@noble/curves@1.9.7':
    resolution: {integrity: sha512-gbKGcRUYIjA3/zCCNaWDciTMFI0dCkvou3TL8Zmy5Nc7sJ47a0jtOeZoTaMxkuqRo9cRhjOdZJXegxYE5FN/xw==}
    engines: {node: ^14.21.3 || >=16}

  '@noble/hashes@1.8.0':
    resolution: {integrity: sha512-jCs9ldd7NwzpgXDIf6P3+NrHh9/sD6CQdxHyjQI+h/6rDNo88ypBxxz45UDuZHz9r3tNz7N/VInSVoVdtXEI4A==}
    engines: {node: ^14.21.3 || >=16}

  '@solana-program/address-lookup-table@0.11.0':
    resolution: {integrity: sha512-loC6VTEhmhYSq2ElZrv+V9uHp/Te6A7rllLIArk9c3A5+5V7sRhVsxZvsPGcv/WMXLgqmXR+Vl7WF7QSV3tXNQ==}
    peerDependencies:
      '@solana/kit': ^6.0

  '@solana-program/compute-budget@0.15.0':
    resolution: {integrity: sha512-toejNdIkzpUTqLSIzP0Nofr/EFel8QpPWuTtIKzfCcjn+mXpkThHxPJaNesk251rSTiWaxDZ3WxG7RxYwTWTqA==}
    peerDependencies:
      '@solana/kit': ^6.3.0

  '@solana-program/stake@0.6.1':
    resolution: {integrity: sha512-Jgo6hNnByGH7Nch+MrybYselbGLTtaq+/sUnMpf0DY7KtujM8lWmZYLg+eUaea9pyW47b6LVS3WXXE9vMdWraQ==}
    peerDependencies:
      '@solana/kit': ^6.0

  '@solana-program/system@0.12.2':
    resolution: {integrity: sha512-MaBeOxlvTruQhA7UYkOb3hVTEHPPagOtd+PvTm6a8rGgvEAP0kD4BbC37NceOaR4ABNqdaCmD5OMVRKgrE6KAg==}
    peerDependencies:
      '@solana/kit': ^6.4.0

  '@solana/accounts@6.10.0':
    resolution: {integrity: sha512-+FxfDOrnifoPlBkF+fr8eeQdgM6xtIgAg9xKMu3WnIz60oZd4Xnry6+ff6t+ePPoZZp397FSg9ZJet68VCWm5Q==}
    engines: {node: '>=20.18.0'}
    peerDependencies:
      typescript: '>=5.4.0'
    peerDependenciesMeta:
      typescript:
        optional: true

  '@solana/addresses@6.10.0':
    resolution: {integrity: sha512-vEoCGBTxG0HCERAn84KXkrJjl+pDaNzOpZ0qbgcPS98fYxP5yzbKB8SNOY2bzrbkRUmmw5Q3hqTRERemUN2Gcw==}
    engines: {node: '>=20.18.0'}
    peerDependencies:
      typescript: '>=5.4.0'
    peerDependenciesMeta:
      typescript:
        optional: true

  '@solana/assertions@6.10.0':
    resolution: {integrity: sha512-lKSAdVo+P/6Lp4vs6shstXmFOpvxrABwn4o1462tb7sKkNapk6o9pPFVPGw4DUgPS3WqWRs1j2tmpuVjhQRntg==}
    engines: {node: '>=20.18.0'}
    peerDependencies:
      typescript: '>=5.4.0'
    peerDependenciesMeta:
      typescript:
        optional: true

  '@solana/codecs-core@6.10.0':
    resolution: {integrity: sha512-nfAl9OMGo4HanIMxGsQoVB7BxMoqBCYEUxl8oEAZZ09pDxnaXQZkTRXEwPPccag37XfW1ciPd1vWPKwB2b0HHQ==}
    engines: {node: '>=20.18.0'}
    peerDependencies:
      typescript: '>=5.4.0'
    peerDependenciesMeta:
      typescript:
        optional: true

  '@solana/codecs-data-structures@6.10.0':
    resolution: {integrity: sha512-CNasJW3bq5u+632Zt5aJ8rOjAjv2HyenpV8o9kAIqdmV4CBpjCCoBnKn8LkuR/sbeREZxJYfhKTXO/9ruAkw7A==}
    engines: {node: '>=20.18.0'}
    peerDependencies:
      typescript: '>=5.4.0'
    peerDependenciesMeta:
      typescript:
        optional: true

  '@solana/codecs-numbers@6.10.0':
    resolution: {integrity: sha512-CcM+wX4zOiA9zkh8A7t1787A0Ehgmu5+6Z2tKoHew6cNw/dkaUTPa8JnNHbvfsLC8dfHC1BhAEJl86sKmRsfkQ==}
    engines: {node: '>=20.18.0'}
    peerDependencies:
      typescript: '>=5.4.0'
    peerDependenciesMeta:
      typescript:
        optional: true

  '@solana/codecs-strings@6.10.0':
    resolution: {integrity: sha512-zlaqkg7K6F6IN4V/Ec8TWkTn054gxv7ZLagvGkuEyAdPQ6BzzsehOm2TqCuyXgJJTCGPLY1bEk6yH9NxANe0kA==}
    engines: {node: '>=20.18.0'}
    peerDependencies:
      fastestsmallesttextencoderdecoder: ^1.0.22
      typescript: '>=5.4.0'
    peerDependenciesMeta:
      fastestsmallesttextencoderdecoder:
        optional: true
      typescript:
        optional: true

  '@solana/codecs@6.10.0':
    resolution: {integrity: sha512-lLVuxod4ChWp9i7OvpgIykYG8Q9OGPVXKnHM9VlzDDLylsx7Y1FoQL00sHa7PqFkJVmkBufaA6dcGbQ7FU+lAQ==}
    engines: {node: '>=20.18.0'}
    peerDependencies:
      typescript: '>=5.4.0'
    peerDependenciesMeta:
      typescript:
        optional: true

  '@solana/errors@6.10.0':
    resolution: {integrity: sha512-KBLAxCtAXr357JNhCyIDQXWbuSj5vN6w+28FSfcYY6OOSiphmXLAV3V58jgV0C6iNbIzFJFi6yatFyDTdeJsNg==}
    engines: {node: '>=20.18.0'}
    hasBin: true
    peerDependencies:
      typescript: '>=5.4.0'
    peerDependenciesMeta:
      typescript:
        optional: true

  '@solana/fast-stable-stringify@6.10.0':
    resolution: {integrity: sha512-iCNed27wk6PKSS3QUtHovRfMWF/jbVWogs2vB4tukKUCsqG4rDfDInIwZ6ur/nY6XTrgi2gMMdZq9GAUlWsbfw==}
    engines: {node: '>=20.18.0'}
    peerDependencies:
      typescript: '>=5.4.0'
    peerDependenciesMeta:
      typescript:
        optional: true

  '@solana/fixed-points@6.10.0':
    resolution: {integrity: sha512-ZkKL0alXH3L7/wMiVG8YUuG8qBKunlM810+YBD7nUPRhifiGsX1zwADViHLYNqLr/jUk0mTYFUcKznTpB/K+Gg==}
    engines: {node: '>=20.18.0'}
    peerDependencies:
      typescript: '>=5.4.0'
    peerDependenciesMeta:
      typescript:
        optional: true

  '@solana/functional@6.10.0':
    resolution: {integrity: sha512-P8cevu4mAqHTXC37h1TVoOh8zhWB2tlOI/R9vWjYPpcLwcyWf8p2qq4LEGHl5kY+1C+4PNX39HsmCocXOPCDkQ==}
    engines: {node: '>=20.18.0'}
    peerDependencies:
      typescript: '>=5.4.0'
    peerDependenciesMeta:
      typescript:
        optional: true

  '@solana/instruction-plans@6.10.0':
    resolution: {integrity: sha512-YG7mo4zykzdc6ZTV0BuN6pveK9qeBySzlYYerq578A4eQu3xcypMAYRGAvhMZtWTanjjmD6CKtM0M7kVp0TNxg==}
    engines: {node: '>=20.18.0'}
    peerDependencies:
      typescript: '>=5.4.0'
    peerDependenciesMeta:
      typescript:
        optional: true

  '@solana/instructions@6.10.0':
    resolution: {integrity: sha512-0TToYF+8LXQ3ofPMx+yF6yaM9l4YJvcAPMy0qV5JsrBUFlWXBSANRuudKBQLHMvb+a3OiUTq5X7omuorKMBB3A==}
    engines: {node: '>=20.18.0'}
    peerDependencies:
      typescript: '>=5.4.0'
    peerDependenciesMeta:
      typescript:
        optional: true

  '@solana/keys@6.10.0':
    resolution: {integrity: sha512-26IRfdm/hTUCmM7MeEeX0ULSbCM6OzkZTkfkrPircqmRM7xyNqP4hq7u0P7wjb9dl7NfgyG6K7cdvUxrj2e3mA==}
    engines: {node: '>=20.18.0'}
    peerDependencies:
      typescript: '>=5.4.0'
    peerDependenciesMeta:
      typescript:
        optional: true

  '@solana/kit@6.10.0':
    resolution: {integrity: sha512-/WnnQp3uARh2JCFSfAakejTAqwmXVuMVTcRn5r2yDwY2yzZ4R6mt/Cl59VPimVLNSoTyN/KsEwhv9omr3ERazQ==}
    engines: {node: '>=20.18.0'}
    peerDependencies:
      typescript: '>=5.4.0'
    peerDependenciesMeta:
      typescript:
        optional: true

  '@solana/nominal-types@6.10.0':
    resolution: {integrity: sha512-9ykyBBvnkInH7fCacjJi7zu2PJyd+OCt+VTjIISv070fHzKIMFqZqJJ/dJ0SRH2aHwfB3n86iVsmtBtuxi4KKA==}
    engines: {node: '>=20.18.0'}
    peerDependencies:
      typescript: '>=5.4.0'
    peerDependenciesMeta:
      typescript:
        optional: true

  '@solana/offchain-messages@6.10.0':
    resolution: {integrity: sha512-RiEgAueeMkFMC1suOXBIcmCZgtXRxy24yk0DldPB37bB4zwOF1SAaRjNRPjIkGK8RhCYrEpPosnzLyavw9ueRg==}
    engines: {node: '>=20.18.0'}
    peerDependencies:
      typescript: '>=5.4.0'
    peerDependenciesMeta:
      typescript:
        optional: true

  '@solana/options@6.10.0':
    resolution: {integrity: sha512-RO9UT3UYD8/Cu2uM6ZXbKvLeMnVD42+g9JRds7Pfs4AhiOyg4R4TJrQUAppTgavPTO3PBRlWtWOC05ZH/yAIbg==}
    engines: {node: '>=20.18.0'}
    peerDependencies:
      typescript: '>=5.4.0'
    peerDependenciesMeta:
      typescript:
        optional: true

  '@solana/plugin-core@6.10.0':
    resolution: {integrity: sha512-JE70YTQOfFACVFGvoJon4Scc/eHUWjMu8Ovo35CcV2kHTAHYMCd4UkBd2gmlhK0vRMMomsQi1ZLPlAlTq0OoUQ==}
    engines: {node: '>=20.18.0'}
    peerDependencies:
      typescript: '>=5.4.0'
    peerDependenciesMeta:
      typescript:
        optional: true

  '@solana/plugin-interfaces@6.10.0':
    resolution: {integrity: sha512-vr0/l9wcM4orwGr8cjkFWaJ9A4HvzuAv00jMFNMg0Spd0GZqnwnpW+D/fXa1lIJnTRaF3EeEjLh4VjKU037T0Q==}
    engines: {node: '>=20.18.0'}
    peerDependencies:
      typescript: '>=5.4.0'
    peerDependenciesMeta:
      typescript:
        optional: true

  '@solana/program-client-core@6.10.0':
    resolution: {integrity: sha512-4PPbTLdC1ylHIuvhOFDP8RnSkXPCFjNFWGslzc+UFKnoR4ajzBcByX94jmaruDMk5ncxgj7tr9pzJTvfGHIaMA==}
    engines: {node: '>=20.18.0'}
    peerDependencies:
      typescript: '>=5.4.0'
    peerDependenciesMeta:
      typescript:
        optional: true

  '@solana/programs@6.10.0':
    resolution: {integrity: sha512-qn/HeLP5KGUJXVub3fyGe69/rWaLX4jzwm6V/1pNxJDbdF+MBdgn18hP6F+VmhfdNmwK0lue3J/1HQ1UTMuQeQ==}
    engines: {node: '>=20.18.0'}
    peerDependencies:
      typescript: '>=5.4.0'
    peerDependenciesMeta:
      typescript:
        optional: true

  '@solana/promises@6.10.0':
    resolution: {integrity: sha512-oJSIn+VBBMWDo8oqw7RV3tI6Jih+Ieup6FcQLYLDUriaeo7+8l1Zdezl8zh7SIfeU4lOfAbRg6mR0huaS/Lltg==}
    engines: {node: '>=20.18.0'}
    peerDependencies:
      typescript: '>=5.4.0'
    peerDependenciesMeta:
      typescript:
        optional: true

  '@solana/rpc-api@6.10.0':
    resolution: {integrity: sha512-RjPIVsAb/85P1ptoO3WpC0x7QG6gG/e4q/3lo6gbSznUZOcoM+8sSBnCX7BwP1ZkCDS6NK/ClXLnhhhYZx+OGg==}
    engines: {node: '>=20.18.0'}
    peerDependencies:
      typescript: '>=5.4.0'
    peerDependenciesMeta:
      typescript:
        optional: true

  '@solana/rpc-parsed-types@6.10.0':
    resolution: {integrity: sha512-5275mvSV1mxhwvrMVa+K7BU/nAetpHfcb+8Ql9rtA8RRf6DyiimFQFZUukE4Ez6XJihEpCHNy98yhkgai9wytQ==}
    engines: {node: '>=20.18.0'}
    peerDependencies:
      typescript: '>=5.4.0'
    peerDependenciesMeta:
      typescript:
        optional: true

  '@solana/rpc-spec-types@6.10.0':
    resolution: {integrity: sha512-NDZrKyZrJk4HaMFhTE/lAiMB824cWAodKqDHyKi0UteHU9pyRmil3BN1jt7e+j08mwMWwfklSgyrTaq52g6DIQ==}
    engines: {node: '>=20.18.0'}
    peerDependencies:
      typescript: '>=5.4.0'
    peerDependenciesMeta:
      typescript:
        optional: true

  '@solana/rpc-spec@6.10.0':
    resolution: {integrity: sha512-yQdbWw5mZEWrwsunHR9NHkuhMXIB9sPOObwm18D53v5tAJnxTB0IcHvO647XqFDLTK/yQ4AdDtlYD1vsY07AMQ==}
    engines: {node: '>=20.18.0'}
    peerDependencies:
      typescript: '>=5.4.0'
    peerDependenciesMeta:
      typescript:
        optional: true

  '@solana/rpc-subscriptions-api@6.10.0':
    resolution: {integrity: sha512-CRPQoTtT1cOwOQUsqS7jgo7wYdAj7jB5ab/UmMPWVpecf2FNMhWhgvxP2s82M7VkDGTGl13qaQ0WySmi7Egrlg==}
    engines: {node: '>=20.18.0'}
    peerDependencies:
      typescript: '>=5.4.0'
    peerDependenciesMeta:
      typescript:
        optional: true

  '@solana/rpc-subscriptions-channel-websocket@6.10.0':
    resolution: {integrity: sha512-KkqP1186HELPlJftA88SNAT2znR8knCVzsUipXVzY4zfW8sN3LOa0ePMzh9VZ/V+J+raTt55laR87ovAO0n+zw==}
    engines: {node: '>=20.18.0'}
    peerDependencies:
      typescript: '>=5.4.0'
    peerDependenciesMeta:
      typescript:
        optional: true

  '@solana/rpc-subscriptions-spec@6.10.0':
    resolution: {integrity: sha512-nWMwGaG4ulzeX2sskY5TywXF3cwEd8FDmUpLe2JBWxE8XDAOGOKcsYPYFcBgb8ee9KqfPT2PTNdcz9jOhJf34w==}
    engines: {node: '>=20.18.0'}
    peerDependencies:
      typescript: '>=5.4.0'
    peerDependenciesMeta:
      typescript:
        optional: true

  '@solana/rpc-subscriptions@6.10.0':
    resolution: {integrity: sha512-6mfuHp/K7unFKCOTCCBC9ziEGnxe2tyJ74EbR51QUnBeCUdYD7Hhdpxic1WRSJ3UeNW/mG4OzFM6z8Wi64Eh9Q==}
    engines: {node: '>=20.18.0'}
    peerDependencies:
      typescript: '>=5.4.0'
    peerDependenciesMeta:
      typescript:
        optional: true

  '@solana/rpc-transformers@6.10.0':
    resolution: {integrity: sha512-2nFUrVTiE720pJOY4XKx3HuYmishw0of/4oScu76YGm6O8wsmvFvPNAkrEinmieWXQkfpBfRvLZmpl8PaAy+ug==}
    engines: {node: '>=20.18.0'}
    peerDependencies:
      typescript: '>=5.4.0'
    peerDependenciesMeta:
      typescript:
        optional: true

  '@solana/rpc-transport-http@6.10.0':
    resolution: {integrity: sha512-JrdNuYi0nBbD3X8JUtgX1dQJwIwz/WJvmigDdELysXfGB2bTJpfjqGDLhCLOz2sRl66FASIEqgG/LVa2C9VXcA==}
    engines: {node: '>=20.18.0'}
    peerDependencies:
      typescript: '>=5.4.0'
    peerDependenciesMeta:
      typescript:
        optional: true

  '@solana/rpc-types@6.10.0':
    resolution: {integrity: sha512-zaSecTfCPvz/vcoAmKD6XoRstGHTr1EKJBD8T9UcpEFFB6CtF6DxerDB+wrzkamuT6msmnR2DWXMrYOGDAsgIg==}
    engines: {node: '>=20.18.0'}
    peerDependencies:
      typescript: '>=5.4.0'
    peerDependenciesMeta:
      typescript:
        optional: true

  '@solana/rpc@6.10.0':
    resolution: {integrity: sha512-EwxsqoD+NXV+m+iobnWNtATD93gTgaNsOiQOzYB1/2e+8S6fl6obdNPB55yfXgtl4jt6GV6/ae4xuPhLv76vvg==}
    engines: {node: '>=20.18.0'}
    peerDependencies:
      typescript: '>=5.4.0'
    peerDependenciesMeta:
      typescript:
        optional: true

  '@solana/signers@6.10.0':
    resolution: {integrity: sha512-+vtCc+mT1FpGxrA5oL2aaMxSHiMJ2hH5PcDIfjo2XJkHz2klZiCZyT5F9+zpltc9vdi1QTElQq59Sfplmtd33A==}
    engines: {node: '>=20.18.0'}
    peerDependencies:
      typescript: '>=5.4.0'
    peerDependenciesMeta:
      typescript:
        optional: true

  '@solana/subscribable@6.10.0':
    resolution: {integrity: sha512-VsR6XMwkiDBkZJUcoGkEOhf397pOV75gKCL9Bx8bpi2T3Bbs0CxUpMn4yaUgAnRba3eXmjbXMNCXjttfa6sKbw==}
    engines: {node: '>=20.18.0'}
    peerDependencies:
      typescript: '>=5.4.0'
    peerDependenciesMeta:
      typescript:
        optional: true

  '@solana/sysvars@6.10.0':
    resolution: {integrity: sha512-cG13p1+onxz+20iWjwWQr1Z1jQwPm0fnjoW75fqZq7p4rVCie3L2sXvaJsYPjWKrUvpOzOIEHnqZGkG05rCpjg==}
    engines: {node: '>=20.18.0'}
    peerDependencies:
      typescript: '>=5.4.0'
    peerDependenciesMeta:
      typescript:
        optional: true

  '@solana/transaction-confirmation@6.10.0':
    resolution: {integrity: sha512-ULvtg65qfenh4T/GYcIlKSUv5EqDcng9UN0dxbHU4kuZdR2e0B8HN2xDC4WhcFQVeFJSbTZmaYFkeTY/Y4gfGQ==}
    engines: {node: '>=20.18.0'}
    peerDependencies:
      typescript: '>=5.4.0'
    peerDependenciesMeta:
      typescript:
        optional: true

  '@solana/transaction-messages@6.10.0':
    resolution: {integrity: sha512-s7v8G3BTxGlKYIj3eWCG0g1296v+1LBt16mVnlRH5FuyaJ5AdhlhtRho5HUDpdwE8EXun+y1c48V6uhcZ8wdbQ==}
    engines: {node: '>=20.18.0'}
    peerDependencies:
      typescript: '>=5.4.0'
    peerDependenciesMeta:
      typescript:
        optional: true

  '@solana/transactions@6.10.0':
    resolution: {integrity: sha512-VADSqP9OTYmhrox4pcgDd4+RjVmednXSE0+8Y7SPK4PN1pK5Az2RJ0nSsy0xcTnaOr8mF/crwFktqPrRQwSbQA==}
    engines: {node: '>=20.18.0'}
    peerDependencies:
      typescript: '>=5.4.0'
    peerDependenciesMeta:
      typescript:
        optional: true

  '@solana/web3.js@3.0.0-rc.1':
    resolution: {integrity: sha512-bTP4hm6HRSd4Nqa2XoHDYLA1p0J4iPbPEXwMMTrYaRoj+ksIm9QyCEJotzTtGgM/iebTButc+QLSugQbwenWRg==}
    engines: {node: '>=20.18.0'}

  chalk@5.6.2:
    resolution: {integrity: sha512-7NzBL0rN6fMUW+f7A6Io4h40qQlG+xGmtMxfbnH/K7TAtt8JQWVQK+6g0UXKMeVJoyV5EkkNsErQ8pVD3bLHbA==}
    engines: {node: ^12.17.0 || ^14.13 || >=16.0.0}

  commander@15.0.0:
    resolution: {integrity: sha512-z67u4ZhzCL/Tydu1lJARtEZYWbWaN7oYLHbsuzocr6y4N6WZAagG3RQ4FW61V1/0+jImpj293XfrcYnd1qxtPg==}
    engines: {node: '>=22.12.0'}

  fs@0.0.1-security:
    resolution: {integrity: sha512-3XY9e1pP0CVEUCdj5BmfIZxRBTSDycnbqhIOGec9QYtmVH2fbLpj86CFWkrNOkt/Fvty4KZG5lTglL9j/gJ87w==}

  undici-types@8.7.0:
    resolution: {integrity: sha512-gbsS+hAjHg9iV+T8XWdFqnOZEk4f5xrrX3eb9Y1GDe+B5u9H68P6SzYXXUw/rkRvJHRgKIdNfAcrcVj/JvayVA==}

  ws@8.21.0:
    resolution: {integrity: sha512-Vsp28b7DRcimFQvrqu2Wek3z1iYxDCWqHYB8Qsnk/S4RfaCQzPGPyBNuVjJV3cd6UiKtUtp6sNM77gWvzcCH+g==}
    engines: {node: '>=10.0.0'}
    peerDependencies:
      bufferutil: ^4.0.1
      utf-8-validate: '>=5.0.2'
    peerDependenciesMeta:
      bufferutil:
        optional: true
      utf-8-validate:
        optional: true

snapshots:

  '@noble/curves@1.9.7':
    dependencies:
      '@noble/hashes': 1.8.0

  '@noble/hashes@1.8.0': {}

  '@solana-program/address-lookup-table@0.11.0(@solana/kit@6.10.0)':
    dependencies:
      '@solana/kit': 6.10.0

  '@solana-program/compute-budget@0.15.0(@solana/kit@6.10.0)':
    dependencies:
      '@solana/kit': 6.10.0

  '@solana-program/stake@0.6.1(@solana/kit@6.10.0)':
    dependencies:
      '@solana/kit': 6.10.0

  '@solana-program/system@0.12.2(@solana/kit@6.10.0)':
    dependencies:
      '@solana/kit': 6.10.0

  '@solana/accounts@6.10.0':
    dependencies:
      '@solana/addresses': 6.10.0
      '@solana/codecs-core': 6.10.0
      '@solana/codecs-strings': 6.10.0
      '@solana/errors': 6.10.0
      '@solana/rpc-spec': 6.10.0
      '@solana/rpc-types': 6.10.0
    transitivePeerDependencies:
      - fastestsmallesttextencoderdecoder

  '@solana/addresses@6.10.0':
    dependencies:
      '@solana/assertions': 6.10.0
      '@solana/codecs-core': 6.10.0
      '@solana/codecs-strings': 6.10.0
      '@solana/errors': 6.10.0
      '@solana/nominal-types': 6.10.0
    transitivePeerDependencies:
      - fastestsmallesttextencoderdecoder

  '@solana/assertions@6.10.0':
    dependencies:
      '@solana/errors': 6.10.0

  '@solana/codecs-core@6.10.0':
    dependencies:
      '@solana/errors': 6.10.0

  '@solana/codecs-data-structures@6.10.0':
    dependencies:
      '@solana/codecs-core': 6.10.0
      '@solana/codecs-numbers': 6.10.0
      '@solana/errors': 6.10.0

  '@solana/codecs-numbers@6.10.0':
    dependencies:
      '@solana/codecs-core': 6.10.0
      '@solana/errors': 6.10.0

  '@solana/codecs-strings@6.10.0':
    dependencies:
      '@solana/codecs-core': 6.10.0
      '@solana/codecs-numbers': 6.10.0
      '@solana/errors': 6.10.0

  '@solana/codecs@6.10.0':
    dependencies:
      '@solana/codecs-core': 6.10.0
      '@solana/codecs-data-structures': 6.10.0
      '@solana/codecs-numbers': 6.10.0
      '@solana/codecs-strings': 6.10.0
      '@solana/fixed-points': 6.10.0
      '@solana/options': 6.10.0
    transitivePeerDependencies:
      - fastestsmallesttextencoderdecoder

  '@solana/errors@6.10.0':
    dependencies:
      chalk: 5.6.2
      commander: 15.0.0

  '@solana/fast-stable-stringify@6.10.0': {}

  '@solana/fixed-points@6.10.0':
    dependencies:
      '@solana/codecs-core': 6.10.0
      '@solana/errors': 6.10.0

  '@solana/functional@6.10.0': {}

  '@solana/instruction-plans@6.10.0':
    dependencies:
      '@solana/errors': 6.10.0
      '@solana/instructions': 6.10.0
      '@solana/keys': 6.10.0
      '@solana/promises': 6.10.0
      '@solana/transaction-messages': 6.10.0
      '@solana/transactions': 6.10.0
    transitivePeerDependencies:
      - fastestsmallesttextencoderdecoder

  '@solana/instructions@6.10.0':
    dependencies:
      '@solana/codecs-core': 6.10.0
      '@solana/errors': 6.10.0

  '@solana/keys@6.10.0':
    dependencies:
      '@solana/assertions': 6.10.0
      '@solana/codecs-core': 6.10.0
      '@solana/codecs-strings': 6.10.0
      '@solana/errors': 6.10.0
      '@solana/nominal-types': 6.10.0
      '@solana/promises': 6.10.0
    transitivePeerDependencies:
      - fastestsmallesttextencoderdecoder

  '@solana/kit@6.10.0':
    dependencies:
      '@solana/accounts': 6.10.0
      '@solana/addresses': 6.10.0
      '@solana/codecs': 6.10.0
      '@solana/errors': 6.10.0
      '@solana/functional': 6.10.0
      '@solana/instruction-plans': 6.10.0
      '@solana/instructions': 6.10.0
      '@solana/keys': 6.10.0
      '@solana/offchain-messages': 6.10.0
      '@solana/plugin-core': 6.10.0
      '@solana/plugin-interfaces': 6.10.0
      '@solana/program-client-core': 6.10.0
      '@solana/programs': 6.10.0
      '@solana/rpc': 6.10.0
      '@solana/rpc-api': 6.10.0
      '@solana/rpc-parsed-types': 6.10.0
      '@solana/rpc-spec-types': 6.10.0
      '@solana/rpc-subscriptions': 6.10.0
      '@solana/rpc-types': 6.10.0
      '@solana/signers': 6.10.0
      '@solana/subscribable': 6.10.0
      '@solana/sysvars': 6.10.0
      '@solana/transaction-confirmation': 6.10.0
      '@solana/transaction-messages': 6.10.0
      '@solana/transactions': 6.10.0
    transitivePeerDependencies:
      - bufferutil
      - fastestsmallesttextencoderdecoder
      - utf-8-validate

  '@solana/nominal-types@6.10.0': {}

  '@solana/offchain-messages@6.10.0':
    dependencies:
      '@solana/addresses': 6.10.0
      '@solana/codecs-core': 6.10.0
      '@solana/codecs-data-structures': 6.10.0
      '@solana/codecs-numbers': 6.10.0
      '@solana/codecs-strings': 6.10.0
      '@solana/errors': 6.10.0
      '@solana/keys': 6.10.0
      '@solana/nominal-types': 6.10.0
    transitivePeerDependencies:
      - fastestsmallesttextencoderdecoder

  '@solana/options@6.10.0':
    dependencies:
      '@solana/codecs-core': 6.10.0
      '@solana/codecs-data-structures': 6.10.0
      '@solana/codecs-numbers': 6.10.0
      '@solana/codecs-strings': 6.10.0
      '@solana/errors': 6.10.0
    transitivePeerDependencies:
      - fastestsmallesttextencoderdecoder

  '@solana/plugin-core@6.10.0': {}

  '@solana/plugin-interfaces@6.10.0':
    dependencies:
      '@solana/addresses': 6.10.0
      '@solana/instruction-plans': 6.10.0
      '@solana/keys': 6.10.0
      '@solana/rpc-spec': 6.10.0
      '@solana/rpc-subscriptions-spec': 6.10.0
      '@solana/rpc-types': 6.10.0
      '@solana/signers': 6.10.0
    transitivePeerDependencies:
      - fastestsmallesttextencoderdecoder

  '@solana/program-client-core@6.10.0':
    dependencies:
      '@solana/accounts': 6.10.0
      '@solana/addresses': 6.10.0
      '@solana/codecs-core': 6.10.0
      '@solana/errors': 6.10.0
      '@solana/instruction-plans': 6.10.0
      '@solana/instructions': 6.10.0
      '@solana/plugin-interfaces': 6.10.0
      '@solana/rpc-api': 6.10.0
      '@solana/signers': 6.10.0
    transitivePeerDependencies:
      - fastestsmallesttextencoderdecoder

  '@solana/programs@6.10.0':
    dependencies:
      '@solana/addresses': 6.10.0
      '@solana/errors': 6.10.0
    transitivePeerDependencies:
      - fastestsmallesttextencoderdecoder

  '@solana/promises@6.10.0': {}

  '@solana/rpc-api@6.10.0':
    dependencies:
      '@solana/addresses': 6.10.0
      '@solana/codecs-core': 6.10.0
      '@solana/codecs-strings': 6.10.0
      '@solana/errors': 6.10.0
      '@solana/keys': 6.10.0
      '@solana/rpc-parsed-types': 6.10.0
      '@solana/rpc-spec': 6.10.0
      '@solana/rpc-transformers': 6.10.0
      '@solana/rpc-types': 6.10.0
      '@solana/transaction-messages': 6.10.0
      '@solana/transactions': 6.10.0
    transitivePeerDependencies:
      - fastestsmallesttextencoderdecoder

  '@solana/rpc-parsed-types@6.10.0': {}

  '@solana/rpc-spec-types@6.10.0': {}

  '@solana/rpc-spec@6.10.0':
    dependencies:
      '@solana/errors': 6.10.0
      '@solana/rpc-spec-types': 6.10.0
      '@solana/subscribable': 6.10.0

  '@solana/rpc-subscriptions-api@6.10.0':
    dependencies:
      '@solana/addresses': 6.10.0
      '@solana/keys': 6.10.0
      '@solana/rpc-subscriptions-spec': 6.10.0
      '@solana/rpc-transformers': 6.10.0
      '@solana/rpc-types': 6.10.0
      '@solana/transaction-messages': 6.10.0
      '@solana/transactions': 6.10.0
    transitivePeerDependencies:
      - fastestsmallesttextencoderdecoder

  '@solana/rpc-subscriptions-channel-websocket@6.10.0':
    dependencies:
      '@solana/errors': 6.10.0
      '@solana/functional': 6.10.0
      '@solana/rpc-subscriptions-spec': 6.10.0
      '@solana/subscribable': 6.10.0
      ws: 8.21.0
    transitivePeerDependencies:
      - bufferutil
      - utf-8-validate

  '@solana/rpc-subscriptions-spec@6.10.0':
    dependencies:
      '@solana/errors': 6.10.0
      '@solana/promises': 6.10.0
      '@solana/rpc-spec-types': 6.10.0
      '@solana/subscribable': 6.10.0

  '@solana/rpc-subscriptions@6.10.0':
    dependencies:
      '@solana/errors': 6.10.0
      '@solana/fast-stable-stringify': 6.10.0
      '@solana/functional': 6.10.0
      '@solana/promises': 6.10.0
      '@solana/rpc-spec-types': 6.10.0
      '@solana/rpc-subscriptions-api': 6.10.0
      '@solana/rpc-subscriptions-channel-websocket': 6.10.0
      '@solana/rpc-subscriptions-spec': 6.10.0
      '@solana/rpc-transformers': 6.10.0
      '@solana/rpc-types': 6.10.0
      '@solana/subscribable': 6.10.0
    transitivePeerDependencies:
      - bufferutil
      - fastestsmallesttextencoderdecoder
      - utf-8-validate

  '@solana/rpc-transformers@6.10.0':
    dependencies:
      '@solana/errors': 6.10.0
      '@solana/functional': 6.10.0
      '@solana/nominal-types': 6.10.0
      '@solana/rpc-spec-types': 6.10.0
      '@solana/rpc-types': 6.10.0
    transitivePeerDependencies:
      - fastestsmallesttextencoderdecoder

  '@solana/rpc-transport-http@6.10.0':
    dependencies:
      '@solana/errors': 6.10.0
      '@solana/rpc-spec': 6.10.0
      '@solana/rpc-spec-types': 6.10.0
      undici-types: 8.7.0

  '@solana/rpc-types@6.10.0':
    dependencies:
      '@solana/addresses': 6.10.0
      '@solana/codecs-core': 6.10.0
      '@solana/codecs-numbers': 6.10.0
      '@solana/codecs-strings': 6.10.0
      '@solana/errors': 6.10.0
      '@solana/fixed-points': 6.10.0
      '@solana/nominal-types': 6.10.0
    transitivePeerDependencies:
      - fastestsmallesttextencoderdecoder

  '@solana/rpc@6.10.0':
    dependencies:
      '@solana/errors': 6.10.0
      '@solana/fast-stable-stringify': 6.10.0
      '@solana/functional': 6.10.0
      '@solana/rpc-api': 6.10.0
      '@solana/rpc-spec': 6.10.0
      '@solana/rpc-spec-types': 6.10.0
      '@solana/rpc-transformers': 6.10.0
      '@solana/rpc-transport-http': 6.10.0
      '@solana/rpc-types': 6.10.0
    transitivePeerDependencies:
      - fastestsmallesttextencoderdecoder

  '@solana/signers@6.10.0':
    dependencies:
      '@solana/addresses': 6.10.0
      '@solana/codecs-core': 6.10.0
      '@solana/errors': 6.10.0
      '@solana/instructions': 6.10.0
      '@solana/keys': 6.10.0
      '@solana/nominal-types': 6.10.0
      '@solana/offchain-messages': 6.10.0
      '@solana/transaction-messages': 6.10.0
      '@solana/transactions': 6.10.0
    transitivePeerDependencies:
      - fastestsmallesttextencoderdecoder

  '@solana/subscribable@6.10.0':
    dependencies:
      '@solana/errors': 6.10.0
      '@solana/promises': 6.10.0

  '@solana/sysvars@6.10.0':
    dependencies:
      '@solana/accounts': 6.10.0
      '@solana/codecs-core': 6.10.0
      '@solana/codecs-data-structures': 6.10.0
      '@solana/codecs-numbers': 6.10.0
      '@solana/errors': 6.10.0
      '@solana/rpc-types': 6.10.0
    transitivePeerDependencies:
      - fastestsmallesttextencoderdecoder

  '@solana/transaction-confirmation@6.10.0':
    dependencies:
      '@solana/addresses': 6.10.0
      '@solana/codecs-strings': 6.10.0
      '@solana/errors': 6.10.0
      '@solana/keys': 6.10.0
      '@solana/promises': 6.10.0
      '@solana/rpc': 6.10.0
      '@solana/rpc-subscriptions': 6.10.0
      '@solana/rpc-types': 6.10.0
      '@solana/transaction-messages': 6.10.0
      '@solana/transactions': 6.10.0
    transitivePeerDependencies:
      - bufferutil
      - fastestsmallesttextencoderdecoder
      - utf-8-validate

  '@solana/transaction-messages@6.10.0':
    dependencies:
      '@solana/addresses': 6.10.0
      '@solana/codecs-core': 6.10.0
      '@solana/codecs-data-structures': 6.10.0
      '@solana/codecs-numbers': 6.10.0
      '@solana/errors': 6.10.0
      '@solana/functional': 6.10.0
      '@solana/instructions': 6.10.0
      '@solana/nominal-types': 6.10.0
      '@solana/rpc-types': 6.10.0
    transitivePeerDependencies:
      - fastestsmallesttextencoderdecoder

  '@solana/transactions@6.10.0':
    dependencies:
      '@solana/addresses': 6.10.0
      '@solana/codecs-core': 6.10.0
      '@solana/codecs-data-structures': 6.10.0
      '@solana/codecs-numbers': 6.10.0
      '@solana/codecs-strings': 6.10.0
      '@solana/errors': 6.10.0
      '@solana/functional': 6.10.0
      '@solana/instructions': 6.10.0
      '@solana/keys': 6.10.0
      '@solana/nominal-types': 6.10.0
      '@solana/rpc-types': 6.10.0
      '@solana/transaction-messages': 6.10.0
    transitivePeerDependencies:
      - fastestsmallesttextencoderdecoder

  '@solana/web3.js@3.0.0-rc.1':
    dependencies:
      '@noble/curves': 1.9.7
      '@noble/hashes': 1.8.0
      '@solana-program/address-lookup-table': 0.11.0(@solana/kit@6.10.0)
      '@solana-program/compute-budget': 0.15.0(@solana/kit@6.10.0)
      '@solana-program/stake': 0.6.1(@solana/kit@6.10.0)
      '@solana-program/system': 0.12.2(@solana/kit@6.10.0)
      '@solana/assertions': 6.10.0
      '@solana/fast-stable-stringify': 6.10.0
      '@solana/kit': 6.10.0
      '@solana/rpc-spec-types': 6.10.0
      '@solana/signers': 6.10.0
    transitivePeerDependencies:
      - bufferutil
      - fastestsmallesttextencoderdecoder
      - typescript
      - utf-8-validate

  chalk@5.6.2: {}

  commander@15.0.0: {}

  fs@0.0.1-security: {}

  undici-types@8.7.0: {}

  ws@8.21.0: {}
